
Microsoft Visual Studio Solution File, Format Version 12.00
# Visual Studio Version 17
VisualStudioVersion = 17.13.35825.156 d17.13
MinimumVisualStudioVersion = 10.0.40219.1
Project("{FAE04EC0-301F-11D3-BF4B-00C04F79EFBC}") = "WpfApp1", "WpfApp1.csproj", "{0E025C8B-348A-4A9C-8C84-99A87CD2E0E6}"
EndProject
Project("{FAE04EC0-301F-11D3-BF4B-00C04F79EFBC}") = "DataLayer", "..\ClassLibrary1\DataLayer.csproj", "{FBB3D4AD-98F8-43B1-B37C-91A1147D6127}"
EndProject
Global
	GlobalSection(SolutionConfigurationPlatforms) = preSolution
		Debug|Any CPU = Debug|Any CPU
		Release|Any CPU = Release|Any CPU
	EndGlobalSection
	GlobalSection(ProjectConfigurationPlatforms) = postSolution
		{0E025C8B-348A-4A9C-8C84-99A87CD2E0E6}.Debug|Any CPU.ActiveCfg = Debug|Any CPU
		{0E025C8B-348A-4A9C-8C84-99A87CD2E0E6}.Debug|Any CPU.Build.0 = Debug|Any CPU
		{0E025C8B-348A-4A9C-8C84-99A87CD2E0E6}.Release|Any CPU.ActiveCfg = Release|Any CPU
		{0E025C8B-348A-4A9C-8C84-99A87CD2E0E6}.Release|Any CPU.Build.0 = Release|Any CPU
		{FBB3D4AD-98F8-43B1-B37C-91A1147D6127}.Debug|Any CPU.ActiveCfg = Debug|Any CPU
		{FBB3D4AD-98F8-43B1-B37C-91A1147D6127}.Debug|Any CPU.Build.0 = Debug|Any CPU
		{FBB3D4AD-98F8-43B1-B37C-91A1147D6127}.Release|Any CPU.ActiveCfg = Release|Any CPU
		{FBB3D4AD-98F8-43B1-B37C-91A1147D6127}.Release|Any CPU.Build.0 = Release|Any CPU
	EndGlobalSection
	GlobalSection(SolutionProperties) = preSolution
		HideSolutionNode = FALSE
	EndGlobalSection
	GlobalSection(ExtensibilityGlobals) = postSolution
		SolutionGuid = {CD591F7F-26B9-4BC6-B343-B35BC2CDD99A}
	EndGlobalSection
EndGlobal
